
Microsoft Visual Studio Solution File, Format Version 12.00
# Visual Studio Version 16
VisualStudioVersion = 16.0.31019.35
MinimumVisualStudioVersion = 10.0.40219.1
Project("{FAE04EC0-301F-11D3-BF4B-00C04F79EFBC}") = "SP_HW_5", "SP_HW_5\SP_HW_5.csproj", "{3C64103D-0D5E-4447-BAB7-2272B6A02A49}"
EndProject
Global
	GlobalSection(SolutionConfigurationPlatforms) = preSolution
		Debug|Any CPU = Debug|Any CPU
		Release|Any CPU = Release|Any CPU
	EndGlobalSection
	GlobalSection(ProjectConfigurationPlatforms) = postSolution
		{3C64103D-0D5E-4447-BAB7-2272B6A02A49}.Debug|Any CPU.ActiveCfg = Debug|Any CPU
		{3C64103D-0D5E-4447-BAB7-2272B6A02A49}.Debug|Any CPU.Build.0 = Debug|Any CPU
		{3C64103D-0D5E-4447-BAB7-2272B6A02A49}.Release|Any CPU.ActiveCfg = Release|Any CPU
		{3C64103D-0D5E-4447-BAB7-2272B6A02A49}.Release|Any CPU.Build.0 = Release|Any CPU
	EndGlobalSection
	GlobalSection(SolutionProperties) = preSolution
		HideSolutionNode = FALSE
	EndGlobalSection
	GlobalSection(ExtensibilityGlobals) = postSolution
		SolutionGuid = {C54204A7-3170-49D6-8DF4-0582661420B3}
	EndGlobalSection
EndGlobal
